
Microsoft Visual Studio Solution File, Format Version 12.00
# Visual Studio Version 16
VisualStudioVersion = 16.0.29009.5
MinimumVisualStudioVersion = 10.0.40219.1
Project("{FAE04EC0-301F-11D3-BF4B-00C04F79EFBC}") = "WorkStatus", "WorkStatus\WorkStatus.csproj", "{B1B28A40-6AF0-4B27-BDE8-94A46759B094}"
EndProject
Project("{FAE04EC0-301F-11D3-BF4B-00C04F79EFBC}") = "WorkStatus.Tests", "WorkStatus.Tests\WorkStatus.Tests.csproj", "{B8048123-65BC-45B9-B9B1-AAE15594711B}"
EndProject
Global
	GlobalSection(SolutionConfigurationPlatforms) = preSolution
		Debug|Any CPU = Debug|Any CPU
		Release|Any CPU = Release|Any CPU
	EndGlobalSection
	GlobalSection(ProjectConfigurationPlatforms) = postSolution
		{B1B28A40-6AF0-4B27-BDE8-94A46759B094}.Debug|Any CPU.ActiveCfg = Debug|Any CPU
		{B1B28A40-6AF0-4B27-BDE8-94A46759B094}.Debug|Any CPU.Build.0 = Debug|Any CPU
		{B1B28A40-6AF0-4B27-BDE8-94A46759B094}.Release|Any CPU.ActiveCfg = Release|Any CPU
		{B1B28A40-6AF0-4B27-BDE8-94A46759B094}.Release|Any CPU.Build.0 = Release|Any CPU
		{B8048123-65BC-45B9-B9B1-AAE15594711B}.Debug|Any CPU.ActiveCfg = Debug|Any CPU
		{B8048123-65BC-45B9-B9B1-AAE15594711B}.Debug|Any CPU.Build.0 = Debug|Any CPU
		{B8048123-65BC-45B9-B9B1-AAE15594711B}.Release|Any CPU.ActiveCfg = Release|Any CPU
		{B8048123-65BC-45B9-B9B1-AAE15594711B}.Release|Any CPU.Build.0 = Release|Any CPU
	EndGlobalSection
	GlobalSection(SolutionProperties) = preSolution
		HideSolutionNode = FALSE
	EndGlobalSection
	GlobalSection(ExtensibilityGlobals) = postSolution
		RESX_ConfirmAddLanguageFile = True
		RESX_AutoCreateNewLanguageFiles = True
		SolutionGuid = {628A5BFF-200E-4745-A0F5-0EE68E04144B}
	EndGlobalSection
EndGlobal
